
Microsoft Visual Studio Solution File, Format Version 11.00
# Visual Studio 2010
Project("{FAE04EC0-301F-11D3-BF4B-00C04F79EFBC}") = "90sHackerMovie", "Assembly-CSharp.csproj", "{4D6651C6-5F7E-FE9D-CBC9-735D4CD8979E}"
EndProject
Global
	GlobalSection(SolutionConfigurationPlatforms) = preSolution
		Debug|Any CPU = Debug|Any CPU
		Release|Any CPU = Release|Any CPU
	EndGlobalSection
	GlobalSection(ProjectConfigurationPlatforms) = postSolution
		{4D6651C6-5F7E-FE9D-CBC9-735D4CD8979E}.Debug|Any CPU.ActiveCfg = Debug|Any CPU
		{4D6651C6-5F7E-FE9D-CBC9-735D4CD8979E}.Debug|Any CPU.Build.0 = Debug|Any CPU
		{4D6651C6-5F7E-FE9D-CBC9-735D4CD8979E}.Release|Any CPU.ActiveCfg = Release|Any CPU
		{4D6651C6-5F7E-FE9D-CBC9-735D4CD8979E}.Release|Any CPU.Build.0 = Release|Any CPU
	EndGlobalSection
	GlobalSection(SolutionProperties) = preSolution
		HideSolutionNode = FALSE
	EndGlobalSection
	GlobalSection(MonoDevelopProperties) = preSolution
		StartupItem = Assembly-CSharp.csproj
	EndGlobalSection
EndGlobal
